{
  "lockfileVersion": 1,
  "configVersion": 1,
  "workspaces": {
    "": {
      "name": "@four-bytes/four-opencode-brain",
      "dependencies": {
        "tree-sitter-javascript": "^0.23.0",
        "tree-sitter-php": "^0.24.2",
        "tree-sitter-typescript": "^0.23.2",
        "web-tree-sitter": "^0.26.9",
      },
    },
  },
  "packages": {
    "node-addon-api": ["node-addon-api@8.8.0", "", {}, "sha512-c5Ko1fZJIJmzhFIkhRN76WTq+fC6tWnGy9CXA0fA+XygsWZmEwG8vmbkNqxMyoaa0Tin4djul49NzdVcJJcjeA=="],

    "node-gyp-build": ["node-gyp-build@4.8.4", "", { "bin": { "node-gyp-build": "bin.js", "node-gyp-build-optional": "optional.js", "node-gyp-build-test": "build-test.js" } }, "sha512-LA4ZjwlnUblHVgq0oBF3Jl/6h/Nvs5fzBLwdEF4nuxnFdsfajde4WfxtJr3CaiH+F6ewcIB/q4jQ4UzPyid+CQ=="],

    "tree-sitter-javascript": ["tree-sitter-javascript@0.23.1", "", { "dependencies": { "node-addon-api": "^8.2.2", "node-gyp-build": "^4.8.2" }, "peerDependencies": { "tree-sitter": "^0.21.1" }, "optionalPeers": ["tree-sitter"] }, "sha512-/bnhbrTD9frUYHQTiYnPcxyHORIw157ERBa6dqzaKxvR/x3PC4Yzd+D1pZIMS6zNg2v3a8BZ0oK7jHqsQo9fWA=="],

    "tree-sitter-php": ["tree-sitter-php@0.24.2", "", { "dependencies": { "node-addon-api": "^8.2.2", "node-gyp-build": "^4.8.2" }, "peerDependencies": { "tree-sitter": "^0.22.4" }, "optionalPeers": ["tree-sitter"] }, "sha512-zwgAePc/HozNaWOOfwRAA+3p8yhuehRw8Fb7vn5qd2XjiIc93uJPryDTMYTSjBRjVIUg/KY6pM3rRzs8dSwKfw=="],

    "tree-sitter-typescript": ["tree-sitter-typescript@0.23.2", "", { "dependencies": { "node-addon-api": "^8.2.2", "node-gyp-build": "^4.8.2", "tree-sitter-javascript": "^0.23.1" }, "peerDependencies": { "tree-sitter": "^0.21.0" }, "optionalPeers": ["tree-sitter"] }, "sha512-e04JUUKxTT53/x3Uq1zIL45DoYKVfHH4CZqwgZhPg5qYROl5nQjV+85ruFzFGZxu+QeFVbRTPDRnqL9UbU4VeA=="],

    "web-tree-sitter": ["web-tree-sitter@0.26.9", "", {}, "sha512-YJwSHANl6XFgeEjB8nitgj0qZYt5gkIesJ4w2srS2wcLB4GUa4xcOkM0YaMsU6WNR53YVIkDSY7Ej4pf3IXtCA=="],
  }
}
